
Microsoft Visual Studio Solution File, Format Version 12.00
# Visual Studio 2017
Project("{FAE04EC0-301F-11D3-BF4B-00C04F79EFBC}") = "MySiteCodeUnity3d.Plugins", "MySiteCodeUnity3d.Plugins.csproj", "{2C59993D-E4AE-B6F6-E8AB-58DAF38B29F3}"
EndProject
Project("{FAE04EC0-301F-11D3-BF4B-00C04F79EFBC}") = "MySiteCodeUnity3d", "MySiteCodeUnity3d.csproj", "{B9A4BE26-89E2-C9A0-C964-560622EBEC59}"
EndProject
Global
	GlobalSection(SolutionConfigurationPlatforms) = preSolution
		Debug|Any CPU = Debug|Any CPU
		Release|Any CPU = Release|Any CPU
	EndGlobalSection
	GlobalSection(ProjectConfigurationPlatforms) = postSolution
		{2C59993D-E4AE-B6F6-E8AB-58DAF38B29F3}.Debug|Any CPU.ActiveCfg = Debug|Any CPU
		{2C59993D-E4AE-B6F6-E8AB-58DAF38B29F3}.Debug|Any CPU.Build.0 = Debug|Any CPU
		{2C59993D-E4AE-B6F6-E8AB-58DAF38B29F3}.Release|Any CPU.ActiveCfg = Release|Any CPU
		{2C59993D-E4AE-B6F6-E8AB-58DAF38B29F3}.Release|Any CPU.Build.0 = Release|Any CPU
		{B9A4BE26-89E2-C9A0-C964-560622EBEC59}.Debug|Any CPU.ActiveCfg = Debug|Any CPU
		{B9A4BE26-89E2-C9A0-C964-560622EBEC59}.Debug|Any CPU.Build.0 = Debug|Any CPU
		{B9A4BE26-89E2-C9A0-C964-560622EBEC59}.Release|Any CPU.ActiveCfg = Release|Any CPU
		{B9A4BE26-89E2-C9A0-C964-560622EBEC59}.Release|Any CPU.Build.0 = Release|Any CPU
	EndGlobalSection
	GlobalSection(SolutionProperties) = preSolution
		HideSolutionNode = FALSE
	EndGlobalSection
EndGlobal
